PODS:
  - ZAPM/Core (1.0.0)
  - ZAPM/Network (1.0.0):
    - ZAPM/Core
    - Zcurl (= 1.0.0)
  - Zcurl (1.0.0)

DEPENDENCIES:
  - ZAPM/Network (from `../`)

SPEC REPOS:
  https://github.com/CocoaPods/Specs.git:
    - Zcurl

EXTERNAL SOURCES:
  ZAPM:
    :path: "../"

SPEC CHECKSUMS:
  ZAPM: ec6166ba2fcf0299955ec98c3c81db3dd324d5ba
  Zcurl: f57c3f1ec42e96863ec1ec61e64178204f4877f1

PODFILE CHECKSUM: 57f34799f88be68da42a01d15ba57f664cfa6262

COCOAPODS: 1.11.3
